// !$*UTF8*$!
{
	archiveVersion = 1;
	classes = {
	};
	objectVersion = 46;
	objects = {

/* Begin PBXBuildFile section */
		27FB44951F1AA7AB0068CC8C /* AppDelegate.swift in Sources */ = {isa = PBXBuildFile; fileRef = 27FB44941F1AA7AB0068CC8C /* AppDelegate.swift */; };
		27FB44971F1AA7AB0068CC8C /* GameScene.sks in Resources */ = {isa = PBXBuildFile; fileRef = 27FB44961F1AA7AB0068CC8C /* GameScene.sks */; };
		27FB44991F1AA7AB0068CC8C /* Actions.sks in Resources */ = {isa = PBXBuildFile; fileRef = 27FB44981F1AA7AB0068CC8C /* Actions.sks */; };
		27FB449B1F1AA7AB0068CC8C /* GameScene.swift in Sources */ = {isa = PBXBuildFile; fileRef = 27FB449A1F1AA7AB0068CC8C /* GameScene.swift */; };
		27FB449D1F1AA7AB0068CC8C /* GameViewController.swift in Sources */ = {isa = PBXBuildFile; fileRef = 27FB449C1F1AA7AB0068CC8C /* GameViewController.swift */; };
		27FB44A01F1AA7AB0068CC8C /* Main.storyboard in Resources */ = {isa = PBXBuildFile; fileRef = 27FB449E1F1AA7AB0068CC8C /* Main.storyboard */; };
		27FB44A21F1AA7AB0068CC8C /* Assets.xcassets in Resources */ = {isa = PBXBuildFile; fileRef = 27FB44A11F1AA7AB0068CC8C /* Assets.xcassets */; };
		27FB44A51F1AA7AB0068CC8C /* LaunchScreen.storyboard in Resources */ = {isa = PBXBuildFile; fileRef = 27FB44A31F1AA7AB0068CC8C /* LaunchScreen.storyboard */; };
		27FB44B91F1AAADC0068CC8C /* ball.png in Resources */ = {isa = PBXBuildFile; fileRef = 27FB44AD1F1AAADC0068CC8C /* ball.png */; };
		27FB44BA1F1AAADC0068CC8C /* ball@2x.png in Resources */ = {isa = PBXBuildFile; fileRef = 27FB44AE1F1AAADC0068CC8C /* ball@2x.png */; };
		27FB44BB1F1AAADC0068CC8C /* bigSpark.png in Resources */ = {isa = PBXBuildFile; fileRef = 27FB44AF1F1AAADC0068CC8C /* bigSpark.png */; };
		27FB44BC1F1AAADC0068CC8C /* explosion.sks in Resources */ = {isa = PBXBuildFile; fileRef = 27FB44B01F1AAADC0068CC8C /* explosion.sks */; };
		27FB44BD1F1AAADC0068CC8C /* hammer.png in Resources */ = {isa = PBXBuildFile; fileRef = 27FB44B11F1AAADC0068CC8C /* hammer.png */; };
		27FB44BE1F1AAADC0068CC8C /* hammer@2x.png in Resources */ = {isa = PBXBuildFile; fileRef = 27FB44B21F1AAADC0068CC8C /* hammer@2x.png */; };
		27FB44BF1F1AAADC0068CC8C /* player.png in Resources */ = {isa = PBXBuildFile; fileRef = 27FB44B31F1AAADC0068CC8C /* player.png */; };
		27FB44C01F1AAADC0068CC8C /* player@2x.png in Resources */ = {isa = PBXBuildFile; fileRef = 27FB44B41F1AAADC0068CC8C /* player@2x.png */; };
		27FB44C11F1AAADC0068CC8C /* spark.png in Resources */ = {isa = PBXBuildFile; fileRef = 27FB44B51F1AAADC0068CC8C /* spark.png */; };
		27FB44C21F1AAADC0068CC8C /* Starfield.sks in Resources */ = {isa = PBXBuildFile; fileRef = 27FB44B61F1AAADC0068CC8C /* Starfield.sks */; };
		27FB44C31F1AAADC0068CC8C /* tv.png in Resources */ = {isa = PBXBuildFile; fileRef = 27FB44B71F1AAADC0068CC8C /* tv.png */; };
		27FB44C41F1AAADC0068CC8C /* tv@2x.png in Resources */ = {isa = PBXBuildFile; fileRef = 27FB44B81F1AAADC0068CC8C /* tv@2x.png */; };
/* End PBXBuildFile section */

/* Begin PBXFileReference section */
		27FB44911F1AA7AB0068CC8C /* Project23.app */ = {isa = PBXFileReference; explicitFileType = wrapper.application; includeInIndex = 0; path = Project23.app; sourceTree = BUILT_PRODUCTS_DIR; };
		27FB44941F1AA7AB0068CC8C /* AppDelegate.swift */ = {isa = PBXFileReference; lastKnownFileType = sourcecode.swift; path = AppDelegate.swift; sourceTree = "<group>"; };
		27FB44961F1AA7AB0068CC8C /* GameScene.sks */ = {isa = PBXFileReference; lastKnownFileType = file.sks; path = GameScene.sks; sourceTree = "<group>"; };
		27FB44981F1AA7AB0068CC8C /* Actions.sks */ = {isa = PBXFileReference; lastKnownFileType = file.sks; path = Actions.sks; sourceTree = "<group>"; };
		27FB449A1F1AA7AB0068CC8C /* GameScene.swift */ = {isa = PBXFileReference; lastKnownFileType = sourcecode.swift; path = GameScene.swift; sourceTree = "<group>"; };
		27FB449C1F1AA7AB0068CC8C /* GameViewController.swift */ = {isa = PBXFileReference; lastKnownFileType = sourcecode.swift; path = GameViewController.swift; sourceTree = "<group>"; };
		27FB449F1F1AA7AB0068CC8C /* Base */ = {isa = PBXFileReference; lastKnownFileType = file.storyboard; name = Base; path = Base.lproj/Main.storyboard; sourceTree = "<group>"; };
		27FB44A11F1AA7AB0068CC8C /* Assets.xcassets */ = {isa = PBXFileReference; lastKnownFileType = folder.assetcatalog; path = Assets.xcassets; sourceTree = "<group>"; };
		27FB44A41F1AA7AB0068CC8C /* Base */ = {isa = PBXFileReference; lastKnownFileType = file.storyboard; name = Base; path = Base.lproj/LaunchScreen.storyboard; sourceTree = "<group>"; };
		27FB44A61F1AA7AB0068CC8C /* Info.plist */ = {isa = PBXFileReference; lastKnownFileType = text.plist.xml; path = Info.plist; sourceTree = "<group>"; };
		27FB44AD1F1AAADC0068CC8C /* ball.png */ = {isa = PBXFileReference; lastKnownFileType = image.png; path = ball.png; sourceTree = "<group>"; };
		27FB44AE1F1AAADC0068CC8C /* ball@2x.png */ = {isa = PBXFileReference; lastKnownFileType = image.png; path = "ball@2x.png"; sourceTree = "<group>"; };
		27FB44AF1F1AAADC0068CC8C /* bigSpark.png */ = {isa = PBXFileReference; lastKnownFileType = image.png; path = bigSpark.png; sourceTree = "<group>"; };
		27FB44B01F1AAADC0068CC8C /* explosion.sks */ = {isa = PBXFileReference; lastKnownFileType = file.sks; path = explosion.sks; sourceTree = "<group>"; };
		27FB44B11F1AAADC0068CC8C /* hammer.png */ = {isa = PBXFileReference; lastKnownFileType = image.png; path = hammer.png; sourceTree = "<group>"; };
		27FB44B21F1AAADC0068CC8C /* hammer@2x.png */ = {isa = PBXFileReference; lastKnownFileType = image.png; path = "hammer@2x.png"; sourceTree = "<group>"; };
		27FB44B31F1AAADC0068CC8C /* player.png */ = {isa = PBXFileReference; lastKnownFileType = image.png; path = player.png; sourceTree = "<group>"; };
		27FB44B41F1AAADC0068CC8C /* player@2x.png */ = {isa = PBXFileReference; lastKnownFileType = image.png; path = "player@2x.png"; sourceTree = "<group>"; };
		27FB44B51F1AAADC0068CC8C /* spark.png */ = {isa = PBXFileReference; lastKnownFileType = image.png; path = spark.png; sourceTree = "<group>"; };
		27FB44B61F1AAADC0068CC8C /* Starfield.sks */ = {isa = PBXFileReference; lastKnownFileType = file.sks; path = Starfield.sks; sourceTree = "<group>"; };
		27FB44B71F1AAADC0068CC8C /* tv.png */ = {isa = PBXFileReference; lastKnownFileType = image.png; path = tv.png; sourceTree = "<group>"; };
		27FB44B81F1AAADC0068CC8C /* tv@2x.png */ = {isa = PBXFileReference; lastKnownFileType = image.png; path = "tv@2x.png"; sourceTree = "<group>"; };
/* End PBXFileReference section */

/* Begin PBXFrameworksBuildPhase section */
		27FB448E1F1AA7AB0068CC8C /* Frameworks */ = {
			isa = PBXFrameworksBuildPhase;
			buildActionMask = 2147483647;
			files = (
			);
			runOnlyForDeploymentPostprocessing = 0;
		};
/* End PBXFrameworksBuildPhase section */

/* Begin PBXGroup section */
		27FB44881F1AA7AB0068CC8C = {
			isa = PBXGroup;
			children = (
				27FB44931F1AA7AB0068CC8C /* Project23 */,
				27FB44921F1AA7AB0068CC8C /* Products */,
			);
			sourceTree = "<group>";
		};
		27FB44921F1AA7AB0068CC8C /* Products */ = {
			isa = PBXGroup;
			children = (
				27FB44911F1AA7AB0068CC8C /* Project23.app */,
			);
			name = Products;
			sourceTree = "<group>";
		};
		27FB44931F1AA7AB0068CC8C /* Project23 */ = {
			isa = PBXGroup;
			children = (
				27FB44941F1AA7AB0068CC8C /* AppDelegate.swift */,
				27FB44961F1AA7AB0068CC8C /* GameScene.sks */,
				27FB44981F1AA7AB0068CC8C /* Actions.sks */,
				27FB449A1F1AA7AB0068CC8C /* GameScene.swift */,
				27FB449C1F1AA7AB0068CC8C /* GameViewController.swift */,
				27FB449E1F1AA7AB0068CC8C /* Main.storyboard */,
				27FB44A11F1AA7AB0068CC8C /* Assets.xcassets */,
				27FB44A31F1AA7AB0068CC8C /* LaunchScreen.storyboard */,
				27FB44A61F1AA7AB0068CC8C /* Info.plist */,
				27FB44AC1F1AAADC0068CC8C /* Content */,
			);
			path = Project23;
			sourceTree = "<group>";
		};
		27FB44AC1F1AAADC0068CC8C /* Content */ = {
			isa = PBXGroup;
			children = (
				27FB44AD1F1AAADC0068CC8C /* ball.png */,
				27FB44AE1F1AAADC0068CC8C /* ball@2x.png */,
				27FB44AF1F1AAADC0068CC8C /* bigSpark.png */,
				27FB44B01F1AAADC0068CC8C /* explosion.sks */,
				27FB44B11F1AAADC0068CC8C /* hammer.png */,
				27FB44B21F1AAADC0068CC8C /* hammer@2x.png */,
				27FB44B31F1AAADC0068CC8C /* player.png */,
				27FB44B41F1AAADC0068CC8C /* player@2x.png */,
				27FB44B51F1AAADC0068CC8C /* spark.png */,
				27FB44B61F1AAADC0068CC8C /* Starfield.sks */,
				27FB44B71F1AAADC0068CC8C /* tv.png */,
				27FB44B81F1AAADC0068CC8C /* tv@2x.png */,
			);
			path = Content;
			sourceTree = "<group>";
		};
/* End PBXGroup section */

/* Begin PBXNativeTarget section */
		27FB44901F1AA7AB0068CC8C /* Project23 */ = {
			isa = PBXNativeTarget;
			buildConfigurationList = 27FB44A91F1AA7AB0068CC8C /* Build configuration list for PBXNativeTarget "Project23" */;
			buildPhases = (
				27FB448D1F1AA7AB0068CC8C /* Sources */,
				27FB448E1F1AA7AB0068CC8C /* Frameworks */,
				27FB448F1F1AA7AB0068CC8C /* Resources */,
			);
			buildRules = (
			);
			dependencies = (
			);
			name = Project23;
			productName = Project23;
			productReference = 27FB44911F1AA7AB0068CC8C /* Project23.app */;
			productType = "com.apple.product-type.application";
		};
/* End PBXNativeTarget section */

/* Begin PBXProject section */
		27FB44891F1AA7AB0068CC8C /* Project object */ = {
			isa = PBXProject;
			attributes = {
				LastSwiftUpdateCheck = 0830;
				LastUpgradeCheck = 0830;
				ORGANIZATIONNAME = "Chappy-App";
				TargetAttributes = {
					27FB44901F1AA7AB0068CC8C = {
						CreatedOnToolsVersion = 8.3.3;
						DevelopmentTeam = 4WU9L65MXB;
						ProvisioningStyle = Automatic;
					};
				};
			};
			buildConfigurationList = 27FB448C1F1AA7AB0068CC8C /* Build configuration list for PBXProject "Project23" */;
			compatibilityVersion = "Xcode 3.2";
			developmentRegion = English;
			hasScannedForEncodings = 0;
			knownRegions = (
				en,
				Base,
			);
			mainGroup = 27FB44881F1AA7AB0068CC8C;
			productRefGroup = 27FB44921F1AA7AB0068CC8C /* Products */;
			projectDirPath = "";
			projectRoot = "";
			targets = (
				27FB44901F1AA7AB0068CC8C /* Project23 */,
			);
		};
/* End PBXProject section */

/* Begin PBXResourcesBuildPhase section */
		27FB448F1F1AA7AB0068CC8C /* Resources */ = {
			isa = PBXResourcesBuildPhase;
			buildActionMask = 2147483647;
			files = (
				27FB44A01F1AA7AB0068CC8C /* Main.storyboard in Resources */,
				27FB44971F1AA7AB0068CC8C /* GameScene.sks in Resources */,
				27FB44BF1F1AAADC0068CC8C /* player.png in Resources */,
				27FB44C31F1AAADC0068CC8C /* tv.png in Resources */,
				27FB44C11F1AAADC0068CC8C /* spark.png in Resources */,
				27FB44BB1F1AAADC0068CC8C /* bigSpark.png in Resources */,
				27FB44C41F1AAADC0068CC8C /* tv@2x.png in Resources */,
				27FB44BC1F1AAADC0068CC8C /* explosion.sks in Resources */,
				27FB44B91F1AAADC0068CC8C /* ball.png in Resources */,
				27FB44A21F1AA7AB0068CC8C /* Assets.xcassets in Resources */,
				27FB44A51F1AA7AB0068CC8C /* LaunchScreen.storyboard in Resources */,
				27FB44BD1F1AAADC0068CC8C /* hammer.png in Resources */,
				27FB44BE1F1AAADC0068CC8C /* hammer@2x.png in Resources */,
				27FB44991F1AA7AB0068CC8C /* Actions.sks in Resources */,
				27FB44C21F1AAADC0068CC8C /* Starfield.sks in Resources */,
				27FB44C01F1AAADC0068CC8C /* player@2x.png in Resources */,
				27FB44BA1F1AAADC0068CC8C /* ball@2x.png in Resources */,
			);
			runOnlyForDeploymentPostprocessing = 0;
		};
/* End PBXResourcesBuildPhase section */

/* Begin PBXSourcesBuildPhase section */
		27FB448D1F1AA7AB0068CC8C /* Sources */ = {
			isa = PBXSourcesBuildPhase;
			buildActionMask = 2147483647;
			files = (
				27FB449B1F1AA7AB0068CC8C /* GameScene.swift in Sources */,
				27FB449D1F1AA7AB0068CC8C /* GameViewController.swift in Sources */,
				27FB44951F1AA7AB0068CC8C /* AppDelegate.swift in Sources */,
			);
			runOnlyForDeploymentPostprocessing = 0;
		};
/* End PBXSourcesBuildPhase section */

/* Begin PBXVariantGroup section */
		27FB449E1F1AA7AB0068CC8C /* Main.storyboard */ = {
			isa = PBXVariantGroup;
			children = (
				27FB449F1F1AA7AB0068CC8C /* Base */,
			);
			name = Main.storyboard;
			sourceTree = "<group>";
		};
		27FB44A31F1AA7AB0068CC8C /* LaunchScreen.storyboard */ = {
			isa = PBXVariantGroup;
			children = (
				27FB44A41F1AA7AB0068CC8C /* Base */,
			);
			name = LaunchScreen.storyboard;
			sourceTree = "<group>";
		};
/* End PBXVariantGroup section */

/* Begin XCBuildConfiguration section */
		27FB44A71F1AA7AB0068CC8C /* Debug */ = {
			isa = XCBuildConfiguration;
			buildSettings = {
				ALWAYS_SEARCH_USER_PATHS = NO;
				CLANG_ANALYZER_NONNULL = YES;
				CLANG_ANALYZER_NUMBER_OBJECT_CONVERSION = YES_AGGRESSIVE;
				CLANG_CXX_LANGUAGE_STANDARD = "gnu++0x";
				CLANG_CXX_LIBRARY = "libc++";
				CLANG_ENABLE_MODULES = YES;
				CLANG_ENABLE_OBJC_ARC = YES;
				CLANG_WARN_BOOL_CONVERSION = YES;
				CLANG_WARN_CONSTANT_CONVERSION = YES;
				CLANG_WARN_DIRECT_OBJC_ISA_USAGE = YES_ERROR;
				CLANG_WARN_DOCUMENTATION_COMMENTS = YES;
				CLANG_WARN_EMPTY_BODY = YES;
				CLANG_WARN_ENUM_CONVERSION = YES;
				CLANG_WARN_INFINITE_RECURSION = YES;
				CLANG_WARN_INT_CONVERSION = YES;
				CLANG_WARN_OBJC_ROOT_CLASS = YES_ERROR;
				CLANG_WARN_SUSPICIOUS_MOVE = YES;
				CLANG_WARN_UNREACHABLE_CODE = YES;
				CLANG_WARN__DUPLICATE_METHOD_MATCH = YES;
				"CODE_SIGN_IDENTITY[sdk=iphoneos*]" = "iPhone Developer";
				COPY_PHASE_STRIP = NO;
				DEBUG_INFORMATION_FORMAT = dwarf;
				ENABLE_STRICT_OBJC_MSGSEND = YES;
				ENABLE_TESTABILITY = YES;
				GCC_C_LANGUAGE_STANDARD = gnu99;
				GCC_DYNAMIC_NO_PIC = NO;
				GCC_NO_COMMON_BLOCKS = YES;
				GCC_OPTIMIZATION_LEVEL = 0;
				GCC_PREPROCESSOR_DEFINITIONS = (
					"DEBUG=1",
					"$(inherited)",
				);
				GCC_WARN_64_TO_32_BIT_CONVERSION = YES;
				GCC_WARN_ABOUT_RETURN_TYPE = YES_ERROR;
				GCC_WARN_UNDECLARED_SELECTOR = YES;
				GCC_WARN_UNINITIALIZED_AUTOS = YES_AGGRESSIVE;
				GCC_WARN_UNUSED_FUNCTION = YES;
				GCC_WARN_UNUSED_VARIABLE = YES;
				IPHONEOS_DEPLOYMENT_TARGET = 10.3;
				MTL_ENABLE_DEBUG_INFO = YES;
				ONLY_ACTIVE_ARCH = YES;
				SDKROOT = iphoneos;
				SWIFT_ACTIVE_COMPILATION_CONDITIONS = DEBUG;
				SWIFT_OPTIMIZATION_LEVEL = "-Onone";
				TARGETED_DEVICE_FAMILY = 2;
			};
			name = Debug;
		};
		27FB44A81F1AA7AB0068CC8C /* Release */ = {
			isa = XCBuildConfiguration;
			buildSettings = {
				ALWAYS_SEARCH_USER_PATHS = NO;
				CLANG_ANALYZER_NONNULL = YES;
				CLANG_ANALYZER_NUMBER_OBJECT_CONVERSION = YES_AGGRESSIVE;
				CLANG_CXX_LANGUAGE_STANDARD = "gnu++0x";
				CLANG_CXX_LIBRARY = "libc++";
				CLANG_ENABLE_MODULES = YES;
				CLANG_ENABLE_OBJC_ARC = YES;
				CLANG_WARN_BOOL_CONVERSION = YES;
				CLANG_WARN_CONSTANT_CONVERSION = YES;
				CLANG_WARN_DIRECT_OBJC_ISA_USAGE = YES_ERROR;
				CLANG_WARN_DOCUMENTATION_COMMENTS = YES;
				CLANG_WARN_EMPTY_BODY = YES;
				CLANG_WARN_ENUM_CONVERSION = YES;
				CLANG_WARN_INFINITE_RECURSION = YES;
				CLANG_WARN_INT_CONVERSION = YES;
				CLANG_WARN_OBJC_ROOT_CLASS = YES_ERROR;
				CLANG_WARN_SUSPICIOUS_MOVE = YES;
				CLANG_WARN_UNREACHABLE_CODE = YES;
				CLANG_WARN__DUPLICATE_METHOD_MATCH = YES;
				"CODE_SIGN_IDENTITY[sdk=iphoneos*]" = "iPhone Developer";
				COPY_PHASE_STRIP = NO;
				DEBUG_INFORMATION_FORMAT = "dwarf-with-dsym";
				ENABLE_NS_ASSERTIONS = NO;
				ENABLE_STRICT_OBJC_MSGSEND = YES;
				GCC_C_LANGUAGE_STANDARD = gnu99;
				GCC_NO_COMMON_BLOCKS = YES;
				GCC_WARN_64_TO_32_BIT_CONVERSION = YES;
				GCC_WARN_ABOUT_RETURN_TYPE = YES_ERROR;
				GCC_WARN_UNDECLARED_SELECTOR = YES;
				GCC_WARN_UNINITIALIZED_AUTOS = YES_AGGRESSIVE;
				GCC_WARN_UNUSED_FUNCTION = YES;
				GCC_WARN_UNUSED_VARIABLE = YES;
				IPHONEOS_DEPLOYMENT_TARGET = 10.3;
				MTL_ENABLE_DEBUG_INFO = NO;
				SDKROOT = iphoneos;
				SWIFT_OPTIMIZATION_LEVEL = "-Owholemodule";
				TARGETED_DEVICE_FAMILY = 2;
				VALIDATE_PRODUCT = YES;
			};
			name = Release;
		};
		27FB44AA1F1AA7AB0068CC8C /* Debug */ = {
			isa = XCBuildConfiguration;
			buildSettings = {
				ASSETCATALOG_COMPILER_APPICON_NAME = AppIcon;
				DEVELOPMENT_TEAM = 4WU9L65MXB;
				INFOPLIST_FILE = Project23/Info.plist;
				IPHONEOS_DEPLOYMENT_TARGET = 10.3;
				LD_RUNPATH_SEARCH_PATHS = "$(inherited) @executable_path/Frameworks";
				PRODUCT_BUNDLE_IDENTIFIER = "com.Chappy-App.Project23";
				PRODUCT_NAME = "$(TARGET_NAME)";
				SWIFT_VERSION = 3.0;
			};
			name = Debug;
		};
		27FB44AB1F1AA7AB0068CC8C /* Release */ = {
			isa = XCBuildConfiguration;
			buildSettings = {
				ASSETCATALOG_COMPILER_APPICON_NAME = AppIcon;
				DEVELOPMENT_TEAM = 4WU9L65MXB;
				INFOPLIST_FILE = Project23/Info.plist;
				IPHONEOS_DEPLOYMENT_TARGET = 10.3;
				LD_RUNPATH_SEARCH_PATHS = "$(inherited) @executable_path/Frameworks";
				PRODUCT_BUNDLE_IDENTIFIER = "com.Chappy-App.Project23";
				PRODUCT_NAME = "$(TARGET_NAME)";
				SWIFT_VERSION = 3.0;
			};
			name = Release;
		};
/* End XCBuildConfiguration section */

/* Begin XCConfigurationList section */
		27FB448C1F1AA7AB0068CC8C /* Build configuration list for PBXProject "Project23" */ = {
			isa = XCConfigurationList;
			buildConfigurations = (
				27FB44A71F1AA7AB0068CC8C /* Debug */,
				27FB44A81F1AA7AB0068CC8C /* Release */,
			);
			defaultConfigurationIsVisible = 0;
			defaultConfigurationName = Release;
		};
		27FB44A91F1AA7AB0068CC8C /* Build configuration list for PBXNativeTarget "Project23" */ = {
			isa = XCConfigurationList;
			buildConfigurations = (
				27FB44AA1F1AA7AB0068CC8C /* Debug */,
				27FB44AB1F1AA7AB0068CC8C /* Release */,
			);
			defaultConfigurationIsVisible = 0;
		};
/* End XCConfigurationList section */
	};
	rootObject = 27FB44891F1AA7AB0068CC8C /* Project object */;
}
